
Microsoft Visual Studio Solution File, Format Version 11.00
# Visual Studio 2010
Project("{4925A630-B079-445d-BCD4-3A9C94FE9307}") = "Tester", "Tester\Tester.fsproj", "{D0BE5F0A-B097-4F33-AE82-BBF23159CEFF}"
EndProject
Global
	GlobalSection(SolutionConfigurationPlatforms) = preSolution
		Debug|Any CPU = Debug|Any CPU
		Release|Any CPU = Release|Any CPU
	EndGlobalSection
	GlobalSection(ProjectConfigurationPlatforms) = postSolution
		{D0BE5F0A-B097-4F33-AE82-BBF23159CEFF}.Debug|Any CPU.ActiveCfg = Debug|Any CPU
		{D0BE5F0A-B097-4F33-AE82-BBF23159CEFF}.Debug|Any CPU.Build.0 = Debug|Any CPU
		{D0BE5F0A-B097-4F33-AE82-BBF23159CEFF}.Release|Any CPU.ActiveCfg = Release|Any CPU
		{D0BE5F0A-B097-4F33-AE82-BBF23159CEFF}.Release|Any CPU.Build.0 = Release|Any CPU
	EndGlobalSection
	GlobalSection(MonoDevelopProperties) = preSolution
		StartupItem = Tester\Tester.fsproj
	EndGlobalSection
EndGlobal
